
Microsoft Visual Studio Solution File, Format Version 12.00
# Visual Studio Version 17
VisualStudioVersion = 17.11.35327.3
MinimumVisualStudioVersion = 10.0.40219.1
Project("{FAE04EC0-301F-11D3-BF4B-00C04F79EFBC}") = "LaSiesta", "LaSiesta.csproj", "{796FCD37-3FC3-407E-8337-AF1A6A32A074}"
EndProject
Global
	GlobalSection(SolutionConfigurationPlatforms) = preSolution
		Debug|Any CPU = Debug|Any CPU
		Release|Any CPU = Release|Any CPU
	EndGlobalSection
	GlobalSection(ProjectConfigurationPlatforms) = postSolution
		{796FCD37-3FC3-407E-8337-AF1A6A32A074}.Debug|Any CPU.ActiveCfg = Debug|Any CPU
		{796FCD37-3FC3-407E-8337-AF1A6A32A074}.Debug|Any CPU.Build.0 = Debug|Any CPU
		{796FCD37-3FC3-407E-8337-AF1A6A32A074}.Release|Any CPU.ActiveCfg = Release|Any CPU
		{796FCD37-3FC3-407E-8337-AF1A6A32A074}.Release|Any CPU.Build.0 = Release|Any CPU
	EndGlobalSection
	GlobalSection(SolutionProperties) = preSolution
		HideSolutionNode = FALSE
	EndGlobalSection
	GlobalSection(ExtensibilityGlobals) = postSolution
		SolutionGuid = {42AE60B6-126C-442A-A65A-5DD13176E876}
	EndGlobalSection
EndGlobal
